
Microsoft Visual Studio Solution File, Format Version 12.00
# Visual Studio Version 17
VisualStudioVersion = 17.13.35825.156 d17.13
MinimumVisualStudioVersion = 10.0.40219.1
Project("{FAE04EC0-301F-11D3-BF4B-00C04F79EFBC}") = "Homework_1", "Homework_1\Homework_1.csproj", "{20C913A8-3E6F-4BAA-83B9-E3674B8240AF}"
EndProject
Global
	GlobalSection(SolutionConfigurationPlatforms) = preSolution
		Debug|Any CPU = Debug|Any CPU
		Release|Any CPU = Release|Any CPU
	EndGlobalSection
	GlobalSection(ProjectConfigurationPlatforms) = postSolution
		{20C913A8-3E6F-4BAA-83B9-E3674B8240AF}.Debug|Any CPU.ActiveCfg = Debug|Any CPU
		{20C913A8-3E6F-4BAA-83B9-E3674B8240AF}.Debug|Any CPU.Build.0 = Debug|Any CPU
		{20C913A8-3E6F-4BAA-83B9-E3674B8240AF}.Release|Any CPU.ActiveCfg = Release|Any CPU
		{20C913A8-3E6F-4BAA-83B9-E3674B8240AF}.Release|Any CPU.Build.0 = Release|Any CPU
	EndGlobalSection
	GlobalSection(SolutionProperties) = preSolution
		HideSolutionNode = FALSE
	EndGlobalSection
	GlobalSection(ExtensibilityGlobals) = postSolution
		SolutionGuid = {7A71E000-F0DC-49B2-B3E6-9E54C6AE339D}
	EndGlobalSection
EndGlobal
